
Microsoft Visual Studio Solution File, Format Version 12.00
# Visual Studio Version 17
VisualStudioVersion = 17.2.32526.322
MinimumVisualStudioVersion = 10.0.40219.1
Project("{9A19103F-16F7-4668-BE54-9A1E7A4F7556}") = "SortCsv", "SortCsv\SortCsv.csproj", "{3C1F50E5-A4D6-4F9B-AFCE-D9D0F3B08755}"
EndProject
Project("{9A19103F-16F7-4668-BE54-9A1E7A4F7556}") = "MorseDecoder", "MorseDecoder\MorseDecoder.csproj", "{BDF47699-78ED-4F53-9113-8776E9697736}"
EndProject
Project("{9A19103F-16F7-4668-BE54-9A1E7A4F7556}") = "Tests", "Tests\Tests.csproj", "{B70B083C-CF6C-48D9-A88B-C34A761D4ADE}"
EndProject
Project("{2150E333-8FDC-42A3-9474-1A3956D46DE8}") = "src", "src", "{485DB4CC-A847-42A2-8835-FF6E86FCFDDB}"
EndProject
Project("{2150E333-8FDC-42A3-9474-1A3956D46DE8}") = "test", "test", "{33FB7402-57F8-4898-94FE-266B62071D53}"
EndProject
Project("{9A19103F-16F7-4668-BE54-9A1E7A4F7556}") = "MinMaxSum", "MinMaxSum\MinMaxSum.csproj", "{60684F63-A775-48FC-9261-A0F695E2EB92}"
EndProject
Project("{9A19103F-16F7-4668-BE54-9A1E7A4F7556}") = "BirthdayCakeCandles", "BirthdayCakeCandles\BirthdayCakeCandles.csproj", "{DB24AB65-267B-4D40-8EBC-2C729915737C}"
EndProject
Project("{9A19103F-16F7-4668-BE54-9A1E7A4F7556}") = "QuotaPerMonth_RafaKowalski", "QuotaPerMonth.RafaKowalski\QuotaPerMonth_RafaKowalski.csproj", "{FDB93CDD-673E-4DFD-AB1B-135DA894C7CF}"
EndProject
Project("{9A19103F-16F7-4668-BE54-9A1E7A4F7556}") = "GradingStudents", "GradingStudents\GradingStudents.csproj", "{6111D158-63E4-4479-BD7A-3CE9BC725EBC}"
EndProject
Project("{9A19103F-16F7-4668-BE54-9A1E7A4F7556}") = "MinimalMovesToSolveTowerOfHanoi", "MinimalMovesToSolveTowerOfHanoi\MinimalMovesToSolveTowerOfHanoi.csproj", "{7EA5AE76-D47B-4D3A-B0E7-7BDEE4EF4E96}"
EndProject
Project("{9A19103F-16F7-4668-BE54-9A1E7A4F7556}") = "FibonacciSequence", "Fibonacci\FibonacciSequence.csproj", "{0D205AE5-CC8D-452C-9EF9-4E4239F7A127}"
EndProject
Project("{9A19103F-16F7-4668-BE54-9A1E7A4F7556}") = "BMICalculator", "BMICalculator\BMICalculator.csproj", "{C8083DC3-739D-4F57-A8A4-9788A9486DD1}"
EndProject
Project("{9A19103F-16F7-4668-BE54-9A1E7A4F7556}") = "OddOrEvenVerificator", "OddOrEvenVerificator\OddOrEvenVerificator.csproj", "{2F6A5CF8-9FE4-4E07-8CBF-7750F1C2248B}"
EndProject
Project("{9A19103F-16F7-4668-BE54-9A1E7A4F7556}") = "TriangleTypes", "TriangleTypes\TriangleTypes.csproj", "{CCDB075F-FD86-410C-A703-1B83C0596779}"
EndProject
Project("{9A19103F-16F7-4668-BE54-9A1E7A4F7556}") = "ManualDateValidation", "ManualDateValidation\ManualDateValidation.csproj", "{611F0185-E358-40C6-A305-ABC34D5BA912}"
EndProject
Project("{9A19103F-16F7-4668-BE54-9A1E7A4F7556}") = "AWSTest", "AWS-Test\AWSTest.csproj", "{62FDDD8D-7696-4706-A4F6-5FF0721CDFC5}"
EndProject
Project("{9A19103F-16F7-4668-BE54-9A1E7A4F7556}") = "DevelopmentLogicAssessment", "DevelopmentLogicAssessment\DevelopmentLogicAssessment.csproj", "{F4B28CDA-0B20-4189-BBFE-0AB59B2243A2}"
EndProject
Project("{FAE04EC0-301F-11D3-BF4B-00C04F79EFBC}") = "ThingsInverter", "ThingsInverter\ThingsInverter.csproj", "{A6EB2320-6956-4004-BE97-B6C30C568674}"
EndProject
Project("{FAE04EC0-301F-11D3-BF4B-00C04F79EFBC}") = "SudokuValidation", "SudokuValidation\SudokuValidation.csproj", "{E51D03A2-55FC-42C3-9F29-9FD122CAC241}"
EndProject
Global
	GlobalSection(SolutionConfigurationPlatforms) = preSolution
		Debug|Any CPU = Debug|Any CPU
		Release|Any CPU = Release|Any CPU
	EndGlobalSection
	GlobalSection(ProjectConfigurationPlatforms) = postSolution
		{3C1F50E5-A4D6-4F9B-AFCE-D9D0F3B08755}.Debug|Any CPU.ActiveCfg = Debug|Any CPU
		{3C1F50E5-A4D6-4F9B-AFCE-D9D0F3B08755}.Debug|Any CPU.Build.0 = Debug|Any CPU
		{3C1F50E5-A4D6-4F9B-AFCE-D9D0F3B08755}.Release|Any CPU.ActiveCfg = Release|Any CPU
		{3C1F50E5-A4D6-4F9B-AFCE-D9D0F3B08755}.Release|Any CPU.Build.0 = Release|Any CPU
		{BDF47699-78ED-4F53-9113-8776E9697736}.Debug|Any CPU.ActiveCfg = Debug|Any CPU
		{BDF47699-78ED-4F53-9113-8776E9697736}.Debug|Any CPU.Build.0 = Debug|Any CPU
		{BDF47699-78ED-4F53-9113-8776E9697736}.Release|Any CPU.ActiveCfg = Release|Any CPU
		{BDF47699-78ED-4F53-9113-8776E9697736}.Release|Any CPU.Build.0 = Release|Any CPU
		{B70B083C-CF6C-48D9-A88B-C34A761D4ADE}.Debug|Any CPU.ActiveCfg = Debug|Any CPU
		{B70B083C-CF6C-48D9-A88B-C34A761D4ADE}.Debug|Any CPU.Build.0 = Debug|Any CPU
		{B70B083C-CF6C-48D9-A88B-C34A761D4ADE}.Release|Any CPU.ActiveCfg = Release|Any CPU
		{B70B083C-CF6C-48D9-A88B-C34A761D4ADE}.Release|Any CPU.Build.0 = Release|Any CPU
		{60684F63-A775-48FC-9261-A0F695E2EB92}.Debug|Any CPU.ActiveCfg = Debug|Any CPU
		{60684F63-A775-48FC-9261-A0F695E2EB92}.Debug|Any CPU.Build.0 = Debug|Any CPU
		{60684F63-A775-48FC-9261-A0F695E2EB92}.Release|Any CPU.ActiveCfg = Release|Any CPU
		{60684F63-A775-48FC-9261-A0F695E2EB92}.Release|Any CPU.Build.0 = Release|Any CPU
		{DB24AB65-267B-4D40-8EBC-2C729915737C}.Debug|Any CPU.ActiveCfg = Debug|Any CPU
		{DB24AB65-267B-4D40-8EBC-2C729915737C}.Debug|Any CPU.Build.0 = Debug|Any CPU
		{DB24AB65-267B-4D40-8EBC-2C729915737C}.Release|Any CPU.ActiveCfg = Release|Any CPU
		{DB24AB65-267B-4D40-8EBC-2C729915737C}.Release|Any CPU.Build.0 = Release|Any CPU
		{FDB93CDD-673E-4DFD-AB1B-135DA894C7CF}.Debug|Any CPU.ActiveCfg = Debug|Any CPU
		{FDB93CDD-673E-4DFD-AB1B-135DA894C7CF}.Debug|Any CPU.Build.0 = Debug|Any CPU
		{FDB93CDD-673E-4DFD-AB1B-135DA894C7CF}.Release|Any CPU.ActiveCfg = Release|Any CPU
		{FDB93CDD-673E-4DFD-AB1B-135DA894C7CF}.Release|Any CPU.Build.0 = Release|Any CPU
		{6111D158-63E4-4479-BD7A-3CE9BC725EBC}.Debug|Any CPU.ActiveCfg = Debug|Any CPU
		{6111D158-63E4-4479-BD7A-3CE9BC725EBC}.Debug|Any CPU.Build.0 = Debug|Any CPU
		{6111D158-63E4-4479-BD7A-3CE9BC725EBC}.Release|Any CPU.ActiveCfg = Release|Any CPU
		{6111D158-63E4-4479-BD7A-3CE9BC725EBC}.Release|Any CPU.Build.0 = Release|Any CPU
		{7EA5AE76-D47B-4D3A-B0E7-7BDEE4EF4E96}.Debug|Any CPU.ActiveCfg = Debug|Any CPU
		{7EA5AE76-D47B-4D3A-B0E7-7BDEE4EF4E96}.Debug|Any CPU.Build.0 = Debug|Any CPU
		{7EA5AE76-D47B-4D3A-B0E7-7BDEE4EF4E96}.Release|Any CPU.ActiveCfg = Release|Any CPU
		{7EA5AE76-D47B-4D3A-B0E7-7BDEE4EF4E96}.Release|Any CPU.Build.0 = Release|Any CPU
		{0D205AE5-CC8D-452C-9EF9-4E4239F7A127}.Debug|Any CPU.ActiveCfg = Debug|Any CPU
		{0D205AE5-CC8D-452C-9EF9-4E4239F7A127}.Debug|Any CPU.Build.0 = Debug|Any CPU
		{0D205AE5-CC8D-452C-9EF9-4E4239F7A127}.Release|Any CPU.ActiveCfg = Release|Any CPU
		{0D205AE5-CC8D-452C-9EF9-4E4239F7A127}.Release|Any CPU.Build.0 = Release|Any CPU
		{C8083DC3-739D-4F57-A8A4-9788A9486DD1}.Debug|Any CPU.ActiveCfg = Debug|Any CPU
		{C8083DC3-739D-4F57-A8A4-9788A9486DD1}.Debug|Any CPU.Build.0 = Debug|Any CPU
		{C8083DC3-739D-4F57-A8A4-9788A9486DD1}.Release|Any CPU.ActiveCfg = Release|Any CPU
		{C8083DC3-739D-4F57-A8A4-9788A9486DD1}.Release|Any CPU.Build.0 = Release|Any CPU
		{2F6A5CF8-9FE4-4E07-8CBF-7750F1C2248B}.Debug|Any CPU.ActiveCfg = Debug|Any CPU
		{2F6A5CF8-9FE4-4E07-8CBF-7750F1C2248B}.Debug|Any CPU.Build.0 = Debug|Any CPU
		{2F6A5CF8-9FE4-4E07-8CBF-7750F1C2248B}.Release|Any CPU.ActiveCfg = Release|Any CPU
		{2F6A5CF8-9FE4-4E07-8CBF-7750F1C2248B}.Release|Any CPU.Build.0 = Release|Any CPU
		{CCDB075F-FD86-410C-A703-1B83C0596779}.Debug|Any CPU.ActiveCfg = Debug|Any CPU
		{CCDB075F-FD86-410C-A703-1B83C0596779}.Debug|Any CPU.Build.0 = Debug|Any CPU
		{CCDB075F-FD86-410C-A703-1B83C0596779}.Release|Any CPU.ActiveCfg = Release|Any CPU
		{CCDB075F-FD86-410C-A703-1B83C0596779}.Release|Any CPU.Build.0 = Release|Any CPU
		{611F0185-E358-40C6-A305-ABC34D5BA912}.Debug|Any CPU.ActiveCfg = Debug|Any CPU
		{611F0185-E358-40C6-A305-ABC34D5BA912}.Debug|Any CPU.Build.0 = Debug|Any CPU
		{611F0185-E358-40C6-A305-ABC34D5BA912}.Release|Any CPU.ActiveCfg = Release|Any CPU
		{611F0185-E358-40C6-A305-ABC34D5BA912}.Release|Any CPU.Build.0 = Release|Any CPU
		{62FDDD8D-7696-4706-A4F6-5FF0721CDFC5}.Debug|Any CPU.ActiveCfg = Debug|Any CPU
		{62FDDD8D-7696-4706-A4F6-5FF0721CDFC5}.Debug|Any CPU.Build.0 = Debug|Any CPU
		{62FDDD8D-7696-4706-A4F6-5FF0721CDFC5}.Release|Any CPU.ActiveCfg = Release|Any CPU
		{62FDDD8D-7696-4706-A4F6-5FF0721CDFC5}.Release|Any CPU.Build.0 = Release|Any CPU
		{F4B28CDA-0B20-4189-BBFE-0AB59B2243A2}.Debug|Any CPU.ActiveCfg = Debug|Any CPU
		{F4B28CDA-0B20-4189-BBFE-0AB59B2243A2}.Debug|Any CPU.Build.0 = Debug|Any CPU
		{F4B28CDA-0B20-4189-BBFE-0AB59B2243A2}.Release|Any CPU.ActiveCfg = Release|Any CPU
		{F4B28CDA-0B20-4189-BBFE-0AB59B2243A2}.Release|Any CPU.Build.0 = Release|Any CPU
		{A6EB2320-6956-4004-BE97-B6C30C568674}.Debug|Any CPU.ActiveCfg = Debug|Any CPU
		{A6EB2320-6956-4004-BE97-B6C30C568674}.Debug|Any CPU.Build.0 = Debug|Any CPU
		{A6EB2320-6956-4004-BE97-B6C30C568674}.Release|Any CPU.ActiveCfg = Release|Any CPU
		{A6EB2320-6956-4004-BE97-B6C30C568674}.Release|Any CPU.Build.0 = Release|Any CPU
		{E51D03A2-55FC-42C3-9F29-9FD122CAC241}.Debug|Any CPU.ActiveCfg = Debug|Any CPU
		{E51D03A2-55FC-42C3-9F29-9FD122CAC241}.Debug|Any CPU.Build.0 = Debug|Any CPU
		{E51D03A2-55FC-42C3-9F29-9FD122CAC241}.Release|Any CPU.ActiveCfg = Release|Any CPU
		{E51D03A2-55FC-42C3-9F29-9FD122CAC241}.Release|Any CPU.Build.0 = Release|Any CPU
	EndGlobalSection
	GlobalSection(SolutionProperties) = preSolution
		HideSolutionNode = FALSE
	EndGlobalSection
	GlobalSection(NestedProjects) = preSolution
		{3C1F50E5-A4D6-4F9B-AFCE-D9D0F3B08755} = {485DB4CC-A847-42A2-8835-FF6E86FCFDDB}
		{BDF47699-78ED-4F53-9113-8776E9697736} = {485DB4CC-A847-42A2-8835-FF6E86FCFDDB}
		{B70B083C-CF6C-48D9-A88B-C34A761D4ADE} = {33FB7402-57F8-4898-94FE-266B62071D53}
		{60684F63-A775-48FC-9261-A0F695E2EB92} = {485DB4CC-A847-42A2-8835-FF6E86FCFDDB}
		{DB24AB65-267B-4D40-8EBC-2C729915737C} = {485DB4CC-A847-42A2-8835-FF6E86FCFDDB}
		{FDB93CDD-673E-4DFD-AB1B-135DA894C7CF} = {485DB4CC-A847-42A2-8835-FF6E86FCFDDB}
		{6111D158-63E4-4479-BD7A-3CE9BC725EBC} = {485DB4CC-A847-42A2-8835-FF6E86FCFDDB}
		{7EA5AE76-D47B-4D3A-B0E7-7BDEE4EF4E96} = {485DB4CC-A847-42A2-8835-FF6E86FCFDDB}
		{0D205AE5-CC8D-452C-9EF9-4E4239F7A127} = {485DB4CC-A847-42A2-8835-FF6E86FCFDDB}
		{C8083DC3-739D-4F57-A8A4-9788A9486DD1} = {485DB4CC-A847-42A2-8835-FF6E86FCFDDB}
		{2F6A5CF8-9FE4-4E07-8CBF-7750F1C2248B} = {485DB4CC-A847-42A2-8835-FF6E86FCFDDB}
		{CCDB075F-FD86-410C-A703-1B83C0596779} = {485DB4CC-A847-42A2-8835-FF6E86FCFDDB}
		{611F0185-E358-40C6-A305-ABC34D5BA912} = {485DB4CC-A847-42A2-8835-FF6E86FCFDDB}
		{62FDDD8D-7696-4706-A4F6-5FF0721CDFC5} = {485DB4CC-A847-42A2-8835-FF6E86FCFDDB}
		{F4B28CDA-0B20-4189-BBFE-0AB59B2243A2} = {485DB4CC-A847-42A2-8835-FF6E86FCFDDB}
		{A6EB2320-6956-4004-BE97-B6C30C568674} = {485DB4CC-A847-42A2-8835-FF6E86FCFDDB}
		{E51D03A2-55FC-42C3-9F29-9FD122CAC241} = {485DB4CC-A847-42A2-8835-FF6E86FCFDDB}
	EndGlobalSection
	GlobalSection(ExtensibilityGlobals) = postSolution
		SolutionGuid = {8B02C552-EEE2-46BB-8945-65300D51D508}
	EndGlobalSection
EndGlobal
