
Microsoft Visual Studio Solution File, Format Version 12.00
# Visual Studio Version 17
VisualStudioVersion = 17.2.32526.322
MinimumVisualStudioVersion = 10.0.40219.1
Project("{9A19103F-16F7-4668-BE54-9A1E7A4F7556}") = "SortCsv", "SortCsv\SortCsv.csproj", "{3C1F50E5-A4D6-4F9B-AFCE-D9D0F3B08755}"
EndProject
Project("{9A19103F-16F7-4668-BE54-9A1E7A4F7556}") = "MorseDecoder", "MorseDecoder\MorseDecoder.csproj", "{BDF47699-78ED-4F53-9113-8776E9697736}"
EndProject
Project("{9A19103F-16F7-4668-BE54-9A1E7A4F7556}") = "Tests", "Tests\Tests.csproj", "{B70B083C-CF6C-48D9-A88B-C34A761D4ADE}"
EndProject
Project("{2150E333-8FDC-42A3-9474-1A3956D46DE8}") = "src", "src", "{485DB4CC-A847-42A2-8835-FF6E86FCFDDB}"
EndProject
Project("{2150E333-8FDC-42A3-9474-1A3956D46DE8}") = "test", "test", "{33FB7402-57F8-4898-94FE-266B62071D53}"
EndProject
Project("{9A19103F-16F7-4668-BE54-9A1E7A4F7556}") = "MinMaxSum", "MinMaxSum\MinMaxSum.csproj", "{60684F63-A775-48FC-9261-A0F695E2EB92}"
EndProject
Project("{9A19103F-16F7-4668-BE54-9A1E7A4F7556}") = "BirthdayCakeCandles", "BirthdayCakeCandles\BirthdayCakeCandles.csproj", "{DB24AB65-267B-4D40-8EBC-2C729915737C}"
EndProject
Project("{9A19103F-16F7-4668-BE54-9A1E7A4F7556}") = "QuotaPerMonth_RafaKowalski", "QuotaPerMonth.RafaKowalski\QuotaPerMonth_RafaKowalski.csproj", "{FDB93CDD-673E-4DFD-AB1B-135DA894C7CF}"
EndProject
Project("{9A19103F-16F7-4668-BE54-9A1E7A4F7556}") = "GradingStudents", "GradingStudents\GradingStudents.csproj", "{6111D158-63E4-4479-BD7A-3CE9BC725EBC}"
EndProject
Project("{9A19103F-16F7-4668-BE54-9A1E7A4F7556}") = "MinimalMovesToSolveTowerOfHanoi", "MinimalMovesToSolveTowerOfHanoi\MinimalMovesToSolveTowerOfHanoi.csproj", "{7EA5AE76-D47B-4D3A-B0E7-7BDEE4EF4E96}"
EndProject
Project("{9A19103F-16F7-4668-BE54-9A1E7A4F7556}") = "FibonacciSequence", "Fibonacci\FibonacciSequence.csproj", "{0D205AE5-CC8D-452C-9EF9-4E4239F7A127}"
EndProject
Project("{9A19103F-16F7-4668-BE54-9A1E7A4F7556}") = "BMICalculator", "BMICalculator\BMICalculator.csproj", "{C8083DC3-739D-4F57-A8A4-9788A9486DD1}"
EndProject
Project("{9A19103F-16F7-4668-BE54-9A1E7A4F7556}") = "OddOrEvenVerificator", "OddOrEvenVerificator\OddOrEvenVerificator.csproj", "{2F6A5CF8-9FE4-4E07-8CBF-7750F1C2248B}"
EndProject
Project("{9A19103F-16F7-4668-BE54-9A1E7A4F7556}") = "TriangleTypes", "TriangleTypes\TriangleTypes.csproj", "{CCDB075F-FD86-410C-A703-1B83C0596779}"
EndProject
Project("{9A19103F-16F7-4668-BE54-9A1E7A4F7556}") = "ManualDateValidation", "ManualDateValidation\ManualDateValidation.csproj", "{611F0185-E358-40C6-A305-ABC34D5BA912}"
EndProject
Project("{9A19103F-16F7-4668-BE54-9A1E7A4F7556}") = "AWSTest", "AWS-Test\AWSTest.csproj", "{62FDDD8D-7696-4706-A4F6-5FF0721CDFC5}"
EndProject
Project("{9A19103F-16F7-4668-BE54-9A1E7A4F7556}") = "DevelopmentLogicAssessment", "DevelopmentLogicAssessment\DevelopmentLogicAssessment.csproj", "{F4B28CDA-0B20-4189-BBFE-0AB59B2243A2}"
EndProject
Project("{FAE04EC0-301F-11D3-BF4B-00C04F79EFBC}") = "ThingsInverter", "ThingsInverter\ThingsInverter.csproj", "{A6EB2320-6956-4004-BE97-B6C30C568674}"
EndProject
Project("{FAE04EC0-301F-11D3-BF4B-00C04F79EFBC}") = "SudokuValidation", "SudokuValidation\SudokuValidation.csproj", "{E51D03A2-55FC-42C3-9F29-9FD122CAC241}"
EndProject
Project("{FAE04EC0-301F-11D3-BF4B-00C04F79EFBC}") = "LongestConsecutiveSequence", "LongestConsecutiveSequence\LongestConsecutiveSequence.csproj", "{DADCE37E-6687-465E-9C26-82DB4CC90774}"
EndProject
Project("{FAE04EC0-301F-11D3-BF4B-00C04F79EFBC}") = "TopKFrequentElements", "TopKFrequentElements\TopKFrequentElements.csproj", "{8F77E0E2-8CFC-4C29-9F18-25E54B571BB0}"
EndProject
Project("{FAE04EC0-301F-11D3-BF4B-00C04F79EFBC}") = "ReverseOnlyLetters", "ReverseOnlyLetters\ReverseOnlyLetters.csproj", "{9EC79262-01EF-4EA0-AF5C-0918095D160E}"
EndProject
Project("{FAE04EC0-301F-11D3-BF4B-00C04F79EFBC}") = "NumberAsArraySum", "NumberAsArraySum\NumberAsArraySum.csproj", "{F1158AAE-5B84-40E5-A931-362AE864A3FB}"
EndProject
Project("{FAE04EC0-301F-11D3-BF4B-00C04F79EFBC}") = "LongestBeautifulSubstring", "LongestBeautifulSubstring\LongestBeautifulSubstring.csproj", "{1E5FD613-3764-4113-9F8B-B081C6824BBF}"
EndProject
Project("{FAE04EC0-301F-11D3-BF4B-00C04F79EFBC}") = "QuicksortAlgorithm", "QuicksortAlgorithm\QuicksortAlgorithm.csproj", "{CE9966F6-1C7C-42AD-ADD5-B34C6EE6BEE2}"
EndProject
Project("{FAE04EC0-301F-11D3-BF4B-00C04F79EFBC}") = "AddTwoNumbers", "AddTwoNumbers\AddTwoNumbers.csproj", "{310A9EE0-DBB8-4F53-A72B-8FF90310DD93}"
EndProject
Project("{FAE04EC0-301F-11D3-BF4B-00C04F79EFBC}") = "LongestSubstringWithoutRepeatingCharacters", "LongestSubstringWithoutRepeatingCharacters\LongestSubstringWithoutRepeatingCharacters.csproj", "{F4BB040E-9CE7-4F14-A43E-6E5066A4DC5C}"
EndProject
Project("{FAE04EC0-301F-11D3-BF4B-00C04F79EFBC}") = "SumOfTwoArrays", "SumOfTwoArrays\SumOfTwoArrays.csproj", "{F40F94A7-C921-459C-894C-2E34A88A17BC}"
EndProject
Project("{FAE04EC0-301F-11D3-BF4B-00C04F79EFBC}") = "GrayCode", "GrayCode\GrayCode.csproj", "{69E1B0FF-C099-4BB4-994F-91C76DE4AD82}"
EndProject
Project("{FAE04EC0-301F-11D3-BF4B-00C04F79EFBC}") = "FizzBuzz", "FizzBuzz\FizzBuzz.csproj", "{5FA57A3C-358E-40D7-8E93-CEDF6C6F0F6D}"
EndProject
Project("{FAE04EC0-301F-11D3-BF4B-00C04F79EFBC}") = "CountingRepeatedNumbersInAList", "CountingRepeatedNumbersInAList\CountingRepeatedNumbersInAList.csproj", "{C2320B62-8C9E-43AA-B2FA-44001ED08BA2}"
EndProject
Project("{FAE04EC0-301F-11D3-BF4B-00C04F79EFBC}") = "SearchingChallenge", "SearchingChallenge\SearchingChallenge.csproj", "{7870335F-6565-475A-A9CF-6B271B2F5E50}"
EndProject
Global
	GlobalSection(SolutionConfigurationPlatforms) = preSolution
		Debug|Any CPU = Debug|Any CPU
		Release|Any CPU = Release|Any CPU
	EndGlobalSection
	GlobalSection(ProjectConfigurationPlatforms) = postSolution
		{3C1F50E5-A4D6-4F9B-AFCE-D9D0F3B08755}.Debug|Any CPU.ActiveCfg = Debug|Any CPU
		{3C1F50E5-A4D6-4F9B-AFCE-D9D0F3B08755}.Debug|Any CPU.Build.0 = Debug|Any CPU
		{3C1F50E5-A4D6-4F9B-AFCE-D9D0F3B08755}.Release|Any CPU.ActiveCfg = Release|Any CPU
		{3C1F50E5-A4D6-4F9B-AFCE-D9D0F3B08755}.Release|Any CPU.Build.0 = Release|Any CPU
		{BDF47699-78ED-4F53-9113-8776E9697736}.Debug|Any CPU.ActiveCfg = Debug|Any CPU
		{BDF47699-78ED-4F53-9113-8776E9697736}.Debug|Any CPU.Build.0 = Debug|Any CPU
		{BDF47699-78ED-4F53-9113-8776E9697736}.Release|Any CPU.ActiveCfg = Release|Any CPU
		{BDF47699-78ED-4F53-9113-8776E9697736}.Release|Any CPU.Build.0 = Release|Any CPU
		{B70B083C-CF6C-48D9-A88B-C34A761D4ADE}.Debug|Any CPU.ActiveCfg = Debug|Any CPU
		{B70B083C-CF6C-48D9-A88B-C34A761D4ADE}.Debug|Any CPU.Build.0 = Debug|Any CPU
		{B70B083C-CF6C-48D9-A88B-C34A761D4ADE}.Release|Any CPU.ActiveCfg = Release|Any CPU
		{B70B083C-CF6C-48D9-A88B-C34A761D4ADE}.Release|Any CPU.Build.0 = Release|Any CPU
		{60684F63-A775-48FC-9261-A0F695E2EB92}.Debug|Any CPU.ActiveCfg = Debug|Any CPU
		{60684F63-A775-48FC-9261-A0F695E2EB92}.Debug|Any CPU.Build.0 = Debug|Any CPU
		{60684F63-A775-48FC-9261-A0F695E2EB92}.Release|Any CPU.ActiveCfg = Release|Any CPU
		{60684F63-A775-48FC-9261-A0F695E2EB92}.Release|Any CPU.Build.0 = Release|Any CPU
		{DB24AB65-267B-4D40-8EBC-2C729915737C}.Debug|Any CPU.ActiveCfg = Debug|Any CPU
		{DB24AB65-267B-4D40-8EBC-2C729915737C}.Debug|Any CPU.Build.0 = Debug|Any CPU
		{DB24AB65-267B-4D40-8EBC-2C729915737C}.Release|Any CPU.ActiveCfg = Release|Any CPU
		{DB24AB65-267B-4D40-8EBC-2C729915737C}.Release|Any CPU.Build.0 = Release|Any CPU
		{FDB93CDD-673E-4DFD-AB1B-135DA894C7CF}.Debug|Any CPU.ActiveCfg = Debug|Any CPU
		{FDB93CDD-673E-4DFD-AB1B-135DA894C7CF}.Debug|Any CPU.Build.0 = Debug|Any CPU
		{FDB93CDD-673E-4DFD-AB1B-135DA894C7CF}.Release|Any CPU.ActiveCfg = Release|Any CPU
		{FDB93CDD-673E-4DFD-AB1B-135DA894C7CF}.Release|Any CPU.Build.0 = Release|Any CPU
		{6111D158-63E4-4479-BD7A-3CE9BC725EBC}.Debug|Any CPU.ActiveCfg = Debug|Any CPU
		{6111D158-63E4-4479-BD7A-3CE9BC725EBC}.Debug|Any CPU.Build.0 = Debug|Any CPU
		{6111D158-63E4-4479-BD7A-3CE9BC725EBC}.Release|Any CPU.ActiveCfg = Release|Any CPU
		{6111D158-63E4-4479-BD7A-3CE9BC725EBC}.Release|Any CPU.Build.0 = Release|Any CPU
		{7EA5AE76-D47B-4D3A-B0E7-7BDEE4EF4E96}.Debug|Any CPU.ActiveCfg = Debug|Any CPU
		{7EA5AE76-D47B-4D3A-B0E7-7BDEE4EF4E96}.Debug|Any CPU.Build.0 = Debug|Any CPU
		{7EA5AE76-D47B-4D3A-B0E7-7BDEE4EF4E96}.Release|Any CPU.ActiveCfg = Release|Any CPU
		{7EA5AE76-D47B-4D3A-B0E7-7BDEE4EF4E96}.Release|Any CPU.Build.0 = Release|Any CPU
		{0D205AE5-CC8D-452C-9EF9-4E4239F7A127}.Debug|Any CPU.ActiveCfg = Debug|Any CPU
		{0D205AE5-CC8D-452C-9EF9-4E4239F7A127}.Debug|Any CPU.Build.0 = Debug|Any CPU
		{0D205AE5-CC8D-452C-9EF9-4E4239F7A127}.Release|Any CPU.ActiveCfg = Release|Any CPU
		{0D205AE5-CC8D-452C-9EF9-4E4239F7A127}.Release|Any CPU.Build.0 = Release|Any CPU
		{C8083DC3-739D-4F57-A8A4-9788A9486DD1}.Debug|Any CPU.ActiveCfg = Debug|Any CPU
		{C8083DC3-739D-4F57-A8A4-9788A9486DD1}.Debug|Any CPU.Build.0 = Debug|Any CPU
		{C8083DC3-739D-4F57-A8A4-9788A9486DD1}.Release|Any CPU.ActiveCfg = Release|Any CPU
		{C8083DC3-739D-4F57-A8A4-9788A9486DD1}.Release|Any CPU.Build.0 = Release|Any CPU
		{2F6A5CF8-9FE4-4E07-8CBF-7750F1C2248B}.Debug|Any CPU.ActiveCfg = Debug|Any CPU
		{2F6A5CF8-9FE4-4E07-8CBF-7750F1C2248B}.Debug|Any CPU.Build.0 = Debug|Any CPU
		{2F6A5CF8-9FE4-4E07-8CBF-7750F1C2248B}.Release|Any CPU.ActiveCfg = Release|Any CPU
		{2F6A5CF8-9FE4-4E07-8CBF-7750F1C2248B}.Release|Any CPU.Build.0 = Release|Any CPU
		{CCDB075F-FD86-410C-A703-1B83C0596779}.Debug|Any CPU.ActiveCfg = Debug|Any CPU
		{CCDB075F-FD86-410C-A703-1B83C0596779}.Debug|Any CPU.Build.0 = Debug|Any CPU
		{CCDB075F-FD86-410C-A703-1B83C0596779}.Release|Any CPU.ActiveCfg = Release|Any CPU
		{CCDB075F-FD86-410C-A703-1B83C0596779}.Release|Any CPU.Build.0 = Release|Any CPU
		{611F0185-E358-40C6-A305-ABC34D5BA912}.Debug|Any CPU.ActiveCfg = Debug|Any CPU
		{611F0185-E358-40C6-A305-ABC34D5BA912}.Debug|Any CPU.Build.0 = Debug|Any CPU
		{611F0185-E358-40C6-A305-ABC34D5BA912}.Release|Any CPU.ActiveCfg = Release|Any CPU
		{611F0185-E358-40C6-A305-ABC34D5BA912}.Release|Any CPU.Build.0 = Release|Any CPU
		{62FDDD8D-7696-4706-A4F6-5FF0721CDFC5}.Debug|Any CPU.ActiveCfg = Debug|Any CPU
		{62FDDD8D-7696-4706-A4F6-5FF0721CDFC5}.Debug|Any CPU.Build.0 = Debug|Any CPU
		{62FDDD8D-7696-4706-A4F6-5FF0721CDFC5}.Release|Any CPU.ActiveCfg = Release|Any CPU
		{62FDDD8D-7696-4706-A4F6-5FF0721CDFC5}.Release|Any CPU.Build.0 = Release|Any CPU
		{F4B28CDA-0B20-4189-BBFE-0AB59B2243A2}.Debug|Any CPU.ActiveCfg = Debug|Any CPU
		{F4B28CDA-0B20-4189-BBFE-0AB59B2243A2}.Debug|Any CPU.Build.0 = Debug|Any CPU
		{F4B28CDA-0B20-4189-BBFE-0AB59B2243A2}.Release|Any CPU.ActiveCfg = Release|Any CPU
		{F4B28CDA-0B20-4189-BBFE-0AB59B2243A2}.Release|Any CPU.Build.0 = Release|Any CPU
		{A6EB2320-6956-4004-BE97-B6C30C568674}.Debug|Any CPU.ActiveCfg = Debug|Any CPU
		{A6EB2320-6956-4004-BE97-B6C30C568674}.Debug|Any CPU.Build.0 = Debug|Any CPU
		{A6EB2320-6956-4004-BE97-B6C30C568674}.Release|Any CPU.ActiveCfg = Release|Any CPU
		{A6EB2320-6956-4004-BE97-B6C30C568674}.Release|Any CPU.Build.0 = Release|Any CPU
		{E51D03A2-55FC-42C3-9F29-9FD122CAC241}.Debug|Any CPU.ActiveCfg = Debug|Any CPU
		{E51D03A2-55FC-42C3-9F29-9FD122CAC241}.Debug|Any CPU.Build.0 = Debug|Any CPU
		{E51D03A2-55FC-42C3-9F29-9FD122CAC241}.Release|Any CPU.ActiveCfg = Release|Any CPU
		{E51D03A2-55FC-42C3-9F29-9FD122CAC241}.Release|Any CPU.Build.0 = Release|Any CPU
		{DADCE37E-6687-465E-9C26-82DB4CC90774}.Debug|Any CPU.ActiveCfg = Debug|Any CPU
		{DADCE37E-6687-465E-9C26-82DB4CC90774}.Debug|Any CPU.Build.0 = Debug|Any CPU
		{DADCE37E-6687-465E-9C26-82DB4CC90774}.Release|Any CPU.ActiveCfg = Release|Any CPU
		{DADCE37E-6687-465E-9C26-82DB4CC90774}.Release|Any CPU.Build.0 = Release|Any CPU
		{8F77E0E2-8CFC-4C29-9F18-25E54B571BB0}.Debug|Any CPU.ActiveCfg = Debug|Any CPU
		{8F77E0E2-8CFC-4C29-9F18-25E54B571BB0}.Debug|Any CPU.Build.0 = Debug|Any CPU
		{8F77E0E2-8CFC-4C29-9F18-25E54B571BB0}.Release|Any CPU.ActiveCfg = Release|Any CPU
		{8F77E0E2-8CFC-4C29-9F18-25E54B571BB0}.Release|Any CPU.Build.0 = Release|Any CPU
		{9EC79262-01EF-4EA0-AF5C-0918095D160E}.Debug|Any CPU.ActiveCfg = Debug|Any CPU
		{9EC79262-01EF-4EA0-AF5C-0918095D160E}.Debug|Any CPU.Build.0 = Debug|Any CPU
		{9EC79262-01EF-4EA0-AF5C-0918095D160E}.Release|Any CPU.ActiveCfg = Release|Any CPU
		{9EC79262-01EF-4EA0-AF5C-0918095D160E}.Release|Any CPU.Build.0 = Release|Any CPU
		{F1158AAE-5B84-40E5-A931-362AE864A3FB}.Debug|Any CPU.ActiveCfg = Debug|Any CPU
		{F1158AAE-5B84-40E5-A931-362AE864A3FB}.Debug|Any CPU.Build.0 = Debug|Any CPU
		{F1158AAE-5B84-40E5-A931-362AE864A3FB}.Release|Any CPU.ActiveCfg = Release|Any CPU
		{F1158AAE-5B84-40E5-A931-362AE864A3FB}.Release|Any CPU.Build.0 = Release|Any CPU
		{1E5FD613-3764-4113-9F8B-B081C6824BBF}.Debug|Any CPU.ActiveCfg = Debug|Any CPU
		{1E5FD613-3764-4113-9F8B-B081C6824BBF}.Debug|Any CPU.Build.0 = Debug|Any CPU
		{1E5FD613-3764-4113-9F8B-B081C6824BBF}.Release|Any CPU.ActiveCfg = Release|Any CPU
		{1E5FD613-3764-4113-9F8B-B081C6824BBF}.Release|Any CPU.Build.0 = Release|Any CPU
		{CE9966F6-1C7C-42AD-ADD5-B34C6EE6BEE2}.Debug|Any CPU.ActiveCfg = Debug|Any CPU
		{CE9966F6-1C7C-42AD-ADD5-B34C6EE6BEE2}.Debug|Any CPU.Build.0 = Debug|Any CPU
		{CE9966F6-1C7C-42AD-ADD5-B34C6EE6BEE2}.Release|Any CPU.ActiveCfg = Release|Any CPU
		{CE9966F6-1C7C-42AD-ADD5-B34C6EE6BEE2}.Release|Any CPU.Build.0 = Release|Any CPU
		{310A9EE0-DBB8-4F53-A72B-8FF90310DD93}.Debug|Any CPU.ActiveCfg = Debug|Any CPU
		{310A9EE0-DBB8-4F53-A72B-8FF90310DD93}.Debug|Any CPU.Build.0 = Debug|Any CPU
		{310A9EE0-DBB8-4F53-A72B-8FF90310DD93}.Release|Any CPU.ActiveCfg = Release|Any CPU
		{310A9EE0-DBB8-4F53-A72B-8FF90310DD93}.Release|Any CPU.Build.0 = Release|Any CPU
		{F4BB040E-9CE7-4F14-A43E-6E5066A4DC5C}.Debug|Any CPU.ActiveCfg = Debug|Any CPU
		{F4BB040E-9CE7-4F14-A43E-6E5066A4DC5C}.Debug|Any CPU.Build.0 = Debug|Any CPU
		{F4BB040E-9CE7-4F14-A43E-6E5066A4DC5C}.Release|Any CPU.ActiveCfg = Release|Any CPU
		{F4BB040E-9CE7-4F14-A43E-6E5066A4DC5C}.Release|Any CPU.Build.0 = Release|Any CPU
		{F40F94A7-C921-459C-894C-2E34A88A17BC}.Debug|Any CPU.ActiveCfg = Debug|Any CPU
		{F40F94A7-C921-459C-894C-2E34A88A17BC}.Debug|Any CPU.Build.0 = Debug|Any CPU
		{F40F94A7-C921-459C-894C-2E34A88A17BC}.Release|Any CPU.ActiveCfg = Release|Any CPU
		{F40F94A7-C921-459C-894C-2E34A88A17BC}.Release|Any CPU.Build.0 = Release|Any CPU
		{69E1B0FF-C099-4BB4-994F-91C76DE4AD82}.Debug|Any CPU.ActiveCfg = Debug|Any CPU
		{69E1B0FF-C099-4BB4-994F-91C76DE4AD82}.Debug|Any CPU.Build.0 = Debug|Any CPU
		{69E1B0FF-C099-4BB4-994F-91C76DE4AD82}.Release|Any CPU.ActiveCfg = Release|Any CPU
		{69E1B0FF-C099-4BB4-994F-91C76DE4AD82}.Release|Any CPU.Build.0 = Release|Any CPU
		{5FA57A3C-358E-40D7-8E93-CEDF6C6F0F6D}.Debug|Any CPU.ActiveCfg = Debug|Any CPU
		{5FA57A3C-358E-40D7-8E93-CEDF6C6F0F6D}.Debug|Any CPU.Build.0 = Debug|Any CPU
		{5FA57A3C-358E-40D7-8E93-CEDF6C6F0F6D}.Release|Any CPU.ActiveCfg = Release|Any CPU
		{5FA57A3C-358E-40D7-8E93-CEDF6C6F0F6D}.Release|Any CPU.Build.0 = Release|Any CPU
		{C2320B62-8C9E-43AA-B2FA-44001ED08BA2}.Debug|Any CPU.ActiveCfg = Debug|Any CPU
		{C2320B62-8C9E-43AA-B2FA-44001ED08BA2}.Debug|Any CPU.Build.0 = Debug|Any CPU
		{C2320B62-8C9E-43AA-B2FA-44001ED08BA2}.Release|Any CPU.ActiveCfg = Release|Any CPU
		{C2320B62-8C9E-43AA-B2FA-44001ED08BA2}.Release|Any CPU.Build.0 = Release|Any CPU
		{7870335F-6565-475A-A9CF-6B271B2F5E50}.Debug|Any CPU.ActiveCfg = Debug|Any CPU
		{7870335F-6565-475A-A9CF-6B271B2F5E50}.Debug|Any CPU.Build.0 = Debug|Any CPU
		{7870335F-6565-475A-A9CF-6B271B2F5E50}.Release|Any CPU.ActiveCfg = Release|Any CPU
		{7870335F-6565-475A-A9CF-6B271B2F5E50}.Release|Any CPU.Build.0 = Release|Any CPU
	EndGlobalSection
	GlobalSection(SolutionProperties) = preSolution
		HideSolutionNode = FALSE
	EndGlobalSection
	GlobalSection(NestedProjects) = preSolution
		{3C1F50E5-A4D6-4F9B-AFCE-D9D0F3B08755} = {485DB4CC-A847-42A2-8835-FF6E86FCFDDB}
		{BDF47699-78ED-4F53-9113-8776E9697736} = {485DB4CC-A847-42A2-8835-FF6E86FCFDDB}
		{B70B083C-CF6C-48D9-A88B-C34A761D4ADE} = {33FB7402-57F8-4898-94FE-266B62071D53}
		{60684F63-A775-48FC-9261-A0F695E2EB92} = {485DB4CC-A847-42A2-8835-FF6E86FCFDDB}
		{DB24AB65-267B-4D40-8EBC-2C729915737C} = {485DB4CC-A847-42A2-8835-FF6E86FCFDDB}
		{FDB93CDD-673E-4DFD-AB1B-135DA894C7CF} = {485DB4CC-A847-42A2-8835-FF6E86FCFDDB}
		{6111D158-63E4-4479-BD7A-3CE9BC725EBC} = {485DB4CC-A847-42A2-8835-FF6E86FCFDDB}
		{7EA5AE76-D47B-4D3A-B0E7-7BDEE4EF4E96} = {485DB4CC-A847-42A2-8835-FF6E86FCFDDB}
		{0D205AE5-CC8D-452C-9EF9-4E4239F7A127} = {485DB4CC-A847-42A2-8835-FF6E86FCFDDB}
		{C8083DC3-739D-4F57-A8A4-9788A9486DD1} = {485DB4CC-A847-42A2-8835-FF6E86FCFDDB}
		{2F6A5CF8-9FE4-4E07-8CBF-7750F1C2248B} = {485DB4CC-A847-42A2-8835-FF6E86FCFDDB}
		{CCDB075F-FD86-410C-A703-1B83C0596779} = {485DB4CC-A847-42A2-8835-FF6E86FCFDDB}
		{611F0185-E358-40C6-A305-ABC34D5BA912} = {485DB4CC-A847-42A2-8835-FF6E86FCFDDB}
		{62FDDD8D-7696-4706-A4F6-5FF0721CDFC5} = {485DB4CC-A847-42A2-8835-FF6E86FCFDDB}
		{F4B28CDA-0B20-4189-BBFE-0AB59B2243A2} = {485DB4CC-A847-42A2-8835-FF6E86FCFDDB}
		{A6EB2320-6956-4004-BE97-B6C30C568674} = {485DB4CC-A847-42A2-8835-FF6E86FCFDDB}
		{E51D03A2-55FC-42C3-9F29-9FD122CAC241} = {485DB4CC-A847-42A2-8835-FF6E86FCFDDB}
		{DADCE37E-6687-465E-9C26-82DB4CC90774} = {485DB4CC-A847-42A2-8835-FF6E86FCFDDB}
		{8F77E0E2-8CFC-4C29-9F18-25E54B571BB0} = {485DB4CC-A847-42A2-8835-FF6E86FCFDDB}
		{9EC79262-01EF-4EA0-AF5C-0918095D160E} = {485DB4CC-A847-42A2-8835-FF6E86FCFDDB}
		{F1158AAE-5B84-40E5-A931-362AE864A3FB} = {485DB4CC-A847-42A2-8835-FF6E86FCFDDB}
		{1E5FD613-3764-4113-9F8B-B081C6824BBF} = {485DB4CC-A847-42A2-8835-FF6E86FCFDDB}
		{CE9966F6-1C7C-42AD-ADD5-B34C6EE6BEE2} = {485DB4CC-A847-42A2-8835-FF6E86FCFDDB}
		{310A9EE0-DBB8-4F53-A72B-8FF90310DD93} = {485DB4CC-A847-42A2-8835-FF6E86FCFDDB}
		{F4BB040E-9CE7-4F14-A43E-6E5066A4DC5C} = {485DB4CC-A847-42A2-8835-FF6E86FCFDDB}
		{F40F94A7-C921-459C-894C-2E34A88A17BC} = {485DB4CC-A847-42A2-8835-FF6E86FCFDDB}
		{69E1B0FF-C099-4BB4-994F-91C76DE4AD82} = {485DB4CC-A847-42A2-8835-FF6E86FCFDDB}
		{5FA57A3C-358E-40D7-8E93-CEDF6C6F0F6D} = {485DB4CC-A847-42A2-8835-FF6E86FCFDDB}
		{C2320B62-8C9E-43AA-B2FA-44001ED08BA2} = {485DB4CC-A847-42A2-8835-FF6E86FCFDDB}
		{7870335F-6565-475A-A9CF-6B271B2F5E50} = {485DB4CC-A847-42A2-8835-FF6E86FCFDDB}
	EndGlobalSection
	GlobalSection(ExtensibilityGlobals) = postSolution
		SolutionGuid = {8B02C552-EEE2-46BB-8945-65300D51D508}
	EndGlobalSection
EndGlobal
